// !$*UTF8*$!
{
	archiveVersion = 1;
	classes = {
	};
	objectVersion = 56;
	objects = {

/* Begin PBXBuildFile section */
		2702EBC62C7EF5870003E165 /* Scanner1App.swift in Sources */ = {isa = PBXBuildFile; fileRef = 2702EBC52C7EF5870003E165 /* Scanner1App.swift */; };
		2702EBC82C7EF5870003E165 /* ContentView.swift in Sources */ = {isa = PBXBuildFile; fileRef = 2702EBC72C7EF5870003E165 /* ContentView.swift */; };
		2702EBCA2C7EF5890003E165 /* Assets.xcassets in Resources */ = {isa = PBXBuildFile; fileRef = 2702EBC92C7EF5890003E165 /* Assets.xcassets */; };
		2702EBCD2C7EF5890003E165 /* Preview Assets.xcassets in Resources */ = {isa = PBXBuildFile; fileRef = 2702EBCC2C7EF5890003E165 /* Preview Assets.xcassets */; };
		2702EBD72C7EF5890003E165 /* Scanner1Tests.swift in Sources */ = {isa = PBXBuildFile; fileRef = 2702EBD62C7EF5890003E165 /* Scanner1Tests.swift */; };
		2702EBE12C7EF5890003E165 /* Scanner1UITests.swift in Sources */ = {isa = PBXBuildFile; fileRef = 2702EBE02C7EF5890003E165 /* Scanner1UITests.swift */; };
		2702EBE32C7EF5890003E165 /* Scanner1UITestsLaunchTests.swift in Sources */ = {isa = PBXBuildFile; fileRef = 2702EBE22C7EF5890003E165 /* Scanner1UITestsLaunchTests.swift */; };
		2702EBF02C7EF7950003E165 /* ScanData.swift in Sources */ = {isa = PBXBuildFile; fileRef = 2702EBEF2C7EF7950003E165 /* ScanData.swift */; };
		2702EBF22C7EFA7E0003E165 /* ScannerView.swift in Sources */ = {isa = PBXBuildFile; fileRef = 2702EBF12C7EFA7E0003E165 /* ScannerView.swift */; };
		2702EBF42C7EFD8B0003E165 /* TextRecognizer.swift in Sources */ = {isa = PBXBuildFile; fileRef = 2702EBF32C7EFD8B0003E165 /* TextRecognizer.swift */; };
		271913C42C8EE12100043FAF /* Assets1.xcassets in Resources */ = {isa = PBXBuildFile; fileRef = 271913C32C8EE12100043FAF /* Assets1.xcassets */; };
		27E7A7182CABE4CC00D4FC21 /* AVFoundation.framework in Frameworks */ = {isa = PBXBuildFile; fileRef = 27E7A7172CABE4CC00D4FC21 /* AVFoundation.framework */; };
		27F755AE2C85D2EB00A41F81 /* NetworkManager.swift in Sources */ = {isa = PBXBuildFile; fileRef = 27F755AD2C85D2EB00A41F81 /* NetworkManager.swift */; };
/* End PBXBuildFile section */

/* Begin PBXContainerItemProxy section */
		2702EBD32C7EF5890003E165 /* PBXContainerItemProxy */ = {
			isa = PBXContainerItemProxy;
			containerPortal = 2702EBBA2C7EF5870003E165 /* Project object */;
			proxyType = 1;
			remoteGlobalIDString = 2702EBC12C7EF5870003E165;
			remoteInfo = Scanner1;
		};
		2702EBDD2C7EF5890003E165 /* PBXContainerItemProxy */ = {
			isa = PBXContainerItemProxy;
			containerPortal = 2702EBBA2C7EF5870003E165 /* Project object */;
			proxyType = 1;
			remoteGlobalIDString = 2702EBC12C7EF5870003E165;
			remoteInfo = Scanner1;
		};
/* End PBXContainerItemProxy section */

/* Begin PBXFileReference section */
		2702EBC22C7EF5870003E165 /* Scanner1.app */ = {isa = PBXFileReference; explicitFileType = wrapper.application; includeInIndex = 0; path = Scanner1.app; sourceTree = BUILT_PRODUCTS_DIR; };
		2702EBC52C7EF5870003E165 /* Scanner1App.swift */ = {isa = PBXFileReference; lastKnownFileType = sourcecode.swift; path = Scanner1App.swift; sourceTree = "<group>"; };
		2702EBC72C7EF5870003E165 /* ContentView.swift */ = {isa = PBXFileReference; lastKnownFileType = sourcecode.swift; path = ContentView.swift; sourceTree = "<group>"; };
		2702EBC92C7EF5890003E165 /* Assets.xcassets */ = {isa = PBXFileReference; lastKnownFileType = folder.assetcatalog; path = Assets.xcassets; sourceTree = "<group>"; };
		2702EBCC2C7EF5890003E165 /* Preview Assets.xcassets */ = {isa = PBXFileReference; lastKnownFileType = folder.assetcatalog; path = "Preview Assets.xcassets"; sourceTree = "<group>"; };
		2702EBD22C7EF5890003E165 /* Scanner1Tests.xctest */ = {isa = PBXFileReference; explicitFileType = wrapper.cfbundle; includeInIndex = 0; path = Scanner1Tests.xctest; sourceTree = BUILT_PRODUCTS_DIR; };
		2702EBD62C7EF5890003E165 /* Scanner1Tests.swift */ = {isa = PBXFileReference; lastKnownFileType = sourcecode.swift; path = Scanner1Tests.swift; sourceTree = "<group>"; };
		2702EBDC2C7EF5890003E165 /* Scanner1UITests.xctest */ = {isa = PBXFileReference; explicitFileType = wrapper.cfbundle; includeInIndex = 0; path = Scanner1UITests.xctest; sourceTree = BUILT_PRODUCTS_DIR; };
		2702EBE02C7EF5890003E165 /* Scanner1UITests.swift */ = {isa = PBXFileReference; lastKnownFileType = sourcecode.swift; path = Scanner1UITests.swift; sourceTree = "<group>"; };
		2702EBE22C7EF5890003E165 /* Scanner1UITestsLaunchTests.swift */ = {isa = PBXFileReference; lastKnownFileType = sourcecode.swift; path = Scanner1UITestsLaunchTests.swift; sourceTree = "<group>"; };
		2702EBEF2C7EF7950003E165 /* ScanData.swift */ = {isa = PBXFileReference; lastKnownFileType = sourcecode.swift; path = ScanData.swift; sourceTree = "<group>"; };
		2702EBF12C7EFA7E0003E165 /* ScannerView.swift */ = {isa = PBXFileReference; lastKnownFileType = sourcecode.swift; path = ScannerView.swift; sourceTree = "<group>"; };
		2702EBF32C7EFD8B0003E165 /* TextRecognizer.swift */ = {isa = PBXFileReference; lastKnownFileType = sourcecode.swift; path = TextRecognizer.swift; sourceTree = "<group>"; };
		271913C32C8EE12100043FAF /* Assets1.xcassets */ = {isa = PBXFileReference; lastKnownFileType = folder.assetcatalog; name = Assets1.xcassets; path = ../../../Downloads/AppIcons/Assets1.xcassets; sourceTree = "<group>"; };
		27E7A7172CABE4CC00D4FC21 /* AVFoundation.framework */ = {isa = PBXFileReference; lastKnownFileType = wrapper.framework; name = AVFoundation.framework; path = System/Library/Frameworks/AVFoundation.framework; sourceTree = SDKROOT; };
		27F755AD2C85D2EB00A41F81 /* NetworkManager.swift */ = {isa = PBXFileReference; lastKnownFileType = sourcecode.swift; path = NetworkManager.swift; sourceTree = "<group>"; };
/* End PBXFileReference section */

/* Begin PBXFrameworksBuildPhase section */
		2702EBBF2C7EF5870003E165 /* Frameworks */ = {
			isa = PBXFrameworksBuildPhase;
			buildActionMask = 2147483647;
			files = (
				27E7A7182CABE4CC00D4FC21 /* AVFoundation.framework in Frameworks */,
			);
			runOnlyForDeploymentPostprocessing = 0;
		};
		2702EBCF2C7EF5890003E165 /* Frameworks */ = {
			isa = PBXFrameworksBuildPhase;
			buildActionMask = 2147483647;
			files = (
			);
			runOnlyForDeploymentPostprocessing = 0;
		};
		2702EBD92C7EF5890003E165 /* Frameworks */ = {
			isa = PBXFrameworksBuildPhase;
			buildActionMask = 2147483647;
			files = (
			);
			runOnlyForDeploymentPostprocessing = 0;
		};
/* End PBXFrameworksBuildPhase section */

/* Begin PBXGroup section */
		2702EBB92C7EF5870003E165 = {
			isa = PBXGroup;
			children = (
				2702EBC42C7EF5870003E165 /* Scanner1 */,
				2702EBD52C7EF5890003E165 /* Scanner1Tests */,
				2702EBDF2C7EF5890003E165 /* Scanner1UITests */,
				27E7A7162CABE4CC00D4FC21 /* Frameworks */,
				2702EBC32C7EF5870003E165 /* Products */,
			);
			sourceTree = "<group>";
		};
		2702EBC32C7EF5870003E165 /* Products */ = {
			isa = PBXGroup;
			children = (
				2702EBC22C7EF5870003E165 /* Scanner1.app */,
				2702EBD22C7EF5890003E165 /* Scanner1Tests.xctest */,
				2702EBDC2C7EF5890003E165 /* Scanner1UITests.xctest */,
			);
			name = Products;
			sourceTree = "<group>";
		};
		2702EBC42C7EF5870003E165 /* Scanner1 */ = {
			isa = PBXGroup;
			children = (
				271913C32C8EE12100043FAF /* Assets1.xcassets */,
				27F755AD2C85D2EB00A41F81 /* NetworkManager.swift */,
				2702EBF32C7EFD8B0003E165 /* TextRecognizer.swift */,
				2702EBF12C7EFA7E0003E165 /* ScannerView.swift */,
				2702EBEF2C7EF7950003E165 /* ScanData.swift */,
				2702EBC52C7EF5870003E165 /* Scanner1App.swift */,
				2702EBC72C7EF5870003E165 /* ContentView.swift */,
				2702EBC92C7EF5890003E165 /* Assets.xcassets */,
				2702EBCB2C7EF5890003E165 /* Preview Content */,
			);
			path = Scanner1;
			sourceTree = "<group>";
		};
		2702EBCB2C7EF5890003E165 /* Preview Content */ = {
			isa = PBXGroup;
			children = (
				2702EBCC2C7EF5890003E165 /* Preview Assets.xcassets */,
			);
			path = "Preview Content";
			sourceTree = "<group>";
		};
		2702EBD52C7EF5890003E165 /* Scanner1Tests */ = {
			isa = PBXGroup;
			children = (
				2702EBD62C7EF5890003E165 /* Scanner1Tests.swift */,
			);
			path = Scanner1Tests;
			sourceTree = "<group>";
		};
		2702EBDF2C7EF5890003E165 /* Scanner1UITests */ = {
			isa = PBXGroup;
			children = (
				2702EBE02C7EF5890003E165 /* Scanner1UITests.swift */,
				2702EBE22C7EF5890003E165 /* Scanner1UITestsLaunchTests.swift */,
			);
			path = Scanner1UITests;
			sourceTree = "<group>";
		};
		27E7A7162CABE4CC00D4FC21 /* Frameworks */ = {
			isa = PBXGroup;
			children = (
				27E7A7172CABE4CC00D4FC21 /* AVFoundation.framework */,
			);
			name = Frameworks;
			sourceTree = "<group>";
		};
/* End PBXGroup section */

/* Begin PBXNativeTarget section */
		2702EBC12C7EF5870003E165 /* Scanner1 */ = {
			isa = PBXNativeTarget;
			buildConfigurationList = 2702EBE62C7EF5890003E165 /* Build configuration list for PBXNativeTarget "Scanner1" */;
			buildPhases = (
				2702EBBE2C7EF5870003E165 /* Sources */,
				2702EBBF2C7EF5870003E165 /* Frameworks */,
				2702EBC02C7EF5870003E165 /* Resources */,
			);
			buildRules = (
			);
			dependencies = (
			);
			name = Scanner1;
			productName = Scanner1;
			productReference = 2702EBC22C7EF5870003E165 /* Scanner1.app */;
			productType = "com.apple.product-type.application";
		};
		2702EBD12C7EF5890003E165 /* Scanner1Tests */ = {
			isa = PBXNativeTarget;
			buildConfigurationList = 2702EBE92C7EF5890003E165 /* Build configuration list for PBXNativeTarget "Scanner1Tests" */;
			buildPhases = (
				2702EBCE2C7EF5890003E165 /* Sources */,
				2702EBCF2C7EF5890003E165 /* Frameworks */,
				2702EBD02C7EF5890003E165 /* Resources */,
			);
			buildRules = (
			);
			dependencies = (
				2702EBD42C7EF5890003E165 /* PBXTargetDependency */,
			);
			name = Scanner1Tests;
			productName = Scanner1Tests;
			productReference = 2702EBD22C7EF5890003E165 /* Scanner1Tests.xctest */;
			productType = "com.apple.product-type.bundle.unit-test";
		};
		2702EBDB2C7EF5890003E165 /* Scanner1UITests */ = {
			isa = PBXNativeTarget;
			buildConfigurationList = 2702EBEC2C7EF5890003E165 /* Build configuration list for PBXNativeTarget "Scanner1UITests" */;
			buildPhases = (
				2702EBD82C7EF5890003E165 /* Sources */,
				2702EBD92C7EF5890003E165 /* Frameworks */,
				2702EBDA2C7EF5890003E165 /* Resources */,
			);
			buildRules = (
			);
			dependencies = (
				2702EBDE2C7EF5890003E165 /* PBXTargetDependency */,
			);
			name = Scanner1UITests;
			productName = Scanner1UITests;
			productReference = 2702EBDC2C7EF5890003E165 /* Scanner1UITests.xctest */;
			productType = "com.apple.product-type.bundle.ui-testing";
		};
/* End PBXNativeTarget section */

/* Begin PBXProject section */
		2702EBBA2C7EF5870003E165 /* Project object */ = {
			isa = PBXProject;
			attributes = {
				BuildIndependentTargetsInParallel = 1;
				LastSwiftUpdateCheck = 1540;
				LastUpgradeCheck = 1540;
				TargetAttributes = {
					2702EBC12C7EF5870003E165 = {
						CreatedOnToolsVersion = 15.4;
					};
					2702EBD12C7EF5890003E165 = {
						CreatedOnToolsVersion = 15.4;
						TestTargetID = 2702EBC12C7EF5870003E165;
					};
					2702EBDB2C7EF5890003E165 = {
						CreatedOnToolsVersion = 15.4;
						TestTargetID = 2702EBC12C7EF5870003E165;
					};
				};
			};
			buildConfigurationList = 2702EBBD2C7EF5870003E165 /* Build configuration list for PBXProject "Scanner1" */;
			compatibilityVersion = "Xcode 14.0";
			developmentRegion = en;
			hasScannedForEncodings = 0;
			knownRegions = (
				en,
				Base,
			);
			mainGroup = 2702EBB92C7EF5870003E165;
			productRefGroup = 2702EBC32C7EF5870003E165 /* Products */;
			projectDirPath = "";
			projectRoot = "";
			targets = (
				2702EBC12C7EF5870003E165 /* Scanner1 */,
				2702EBD12C7EF5890003E165 /* Scanner1Tests */,
				2702EBDB2C7EF5890003E165 /* Scanner1UITests */,
			);
		};
/* End PBXProject section */

/* Begin PBXResourcesBuildPhase section */
		2702EBC02C7EF5870003E165 /* Resources */ = {
			isa = PBXResourcesBuildPhase;
			buildActionMask = 2147483647;
			files = (
				2702EBCD2C7EF5890003E165 /* Preview Assets.xcassets in Resources */,
				271913C42C8EE12100043FAF /* Assets1.xcassets in Resources */,
				2702EBCA2C7EF5890003E165 /* Assets.xcassets in Resources */,
			);
			runOnlyForDeploymentPostprocessing = 0;
		};
		2702EBD02C7EF5890003E165 /* Resources */ = {
			isa = PBXResourcesBuildPhase;
			buildActionMask = 2147483647;
			files = (
			);
			runOnlyForDeploymentPostprocessing = 0;
		};
		2702EBDA2C7EF5890003E165 /* Resources */ = {
			isa = PBXResourcesBuildPhase;
			buildActionMask = 2147483647;
			files = (
			);
			runOnlyForDeploymentPostprocessing = 0;
		};
/* End PBXResourcesBuildPhase section */

/* Begin PBXSourcesBuildPhase section */
		2702EBBE2C7EF5870003E165 /* Sources */ = {
			isa = PBXSourcesBuildPhase;
			buildActionMask = 2147483647;
			files = (
				27F755AE2C85D2EB00A41F81 /* NetworkManager.swift in Sources */,
				2702EBC82C7EF5870003E165 /* ContentView.swift in Sources */,
				2702EBF22C7EFA7E0003E165 /* ScannerView.swift in Sources */,
				2702EBF42C7EFD8B0003E165 /* TextRecognizer.swift in Sources */,
				2702EBC62C7EF5870003E165 /* Scanner1App.swift in Sources */,
				2702EBF02C7EF7950003E165 /* ScanData.swift in Sources */,
			);
			runOnlyForDeploymentPostprocessing = 0;
		};
		2702EBCE2C7EF5890003E165 /* Sources */ = {
			isa = PBXSourcesBuildPhase;
			buildActionMask = 2147483647;
			files = (
				2702EBD72C7EF5890003E165 /* Scanner1Tests.swift in Sources */,
			);
			runOnlyForDeploymentPostprocessing = 0;
		};
		2702EBD82C7EF5890003E165 /* Sources */ = {
			isa = PBXSourcesBuildPhase;
			buildActionMask = 2147483647;
			files = (
				2702EBE32C7EF5890003E165 /* Scanner1UITestsLaunchTests.swift in Sources */,
				2702EBE12C7EF5890003E165 /* Scanner1UITests.swift in Sources */,
			);
			runOnlyForDeploymentPostprocessing = 0;
		};
/* End PBXSourcesBuildPhase section */

/* Begin PBXTargetDependency section */
		2702EBD42C7EF5890003E165 /* PBXTargetDependency */ = {
			isa = PBXTargetDependency;
			target = 2702EBC12C7EF5870003E165 /* Scanner1 */;
			targetProxy = 2702EBD32C7EF5890003E165 /* PBXContainerItemProxy */;
		};
		2702EBDE2C7EF5890003E165 /* PBXTargetDependency */ = {
			isa = PBXTargetDependency;
			target = 2702EBC12C7EF5870003E165 /* Scanner1 */;
			targetProxy = 2702EBDD2C7EF5890003E165 /* PBXContainerItemProxy */;
		};
/* End PBXTargetDependency section */

/* Begin XCBuildConfiguration section */
		2702EBE42C7EF5890003E165 /* Debug */ = {
			isa = XCBuildConfiguration;
			buildSettings = {
				ALWAYS_SEARCH_USER_PATHS = NO;
				ASSETCATALOG_COMPILER_GENERATE_SWIFT_ASSET_SYMBOL_EXTENSIONS = YES;
				CLANG_ANALYZER_NONNULL = YES;
				CLANG_ANALYZER_NUMBER_OBJECT_CONVERSION = YES_AGGRESSIVE;
				CLANG_CXX_LANGUAGE_STANDARD = "gnu++20";
				CLANG_ENABLE_MODULES = YES;
				CLANG_ENABLE_OBJC_ARC = YES;
				CLANG_ENABLE_OBJC_WEAK = YES;
				CLANG_WARN_BLOCK_CAPTURE_AUTORELEASING = YES;
				CLANG_WARN_BOOL_CONVERSION = YES;
				CLANG_WARN_COMMA = YES;
				CLANG_WARN_CONSTANT_CONVERSION = YES;
				CLANG_WARN_DEPRECATED_OBJC_IMPLEMENTATIONS = YES;
				CLANG_WARN_DIRECT_OBJC_ISA_USAGE = YES_ERROR;
				CLANG_WARN_DOCUMENTATION_COMMENTS = YES;
				CLANG_WARN_EMPTY_BODY = YES;
				CLANG_WARN_ENUM_CONVERSION = YES;
				CLANG_WARN_INFINITE_RECURSION = YES;
				CLANG_WARN_INT_CONVERSION = YES;
				CLANG_WARN_NON_LITERAL_NULL_CONVERSION = YES;
				CLANG_WARN_OBJC_IMPLICIT_RETAIN_SELF = YES;
				CLANG_WARN_OBJC_LITERAL_CONVERSION = YES;
				CLANG_WARN_OBJC_ROOT_CLASS = YES_ERROR;
				CLANG_WARN_QUOTED_INCLUDE_IN_FRAMEWORK_HEADER = YES;
				CLANG_WARN_RANGE_LOOP_ANALYSIS = YES;
				CLANG_WARN_STRICT_PROTOTYPES = YES;
				CLANG_WARN_SUSPICIOUS_MOVE = YES;
				CLANG_WARN_UNGUARDED_AVAILABILITY = YES_AGGRESSIVE;
				CLANG_WARN_UNREACHABLE_CODE = YES;
				CLANG_WARN__DUPLICATE_METHOD_MATCH = YES;
				COPY_PHASE_STRIP = NO;
				DEBUG_INFORMATION_FORMAT = dwarf;
				ENABLE_STRICT_OBJC_MSGSEND = YES;
				ENABLE_TESTABILITY = YES;
				ENABLE_USER_SCRIPT_SANDBOXING = YES;
				GCC_C_LANGUAGE_STANDARD = gnu17;
				GCC_DYNAMIC_NO_PIC = NO;
				GCC_NO_COMMON_BLOCKS = YES;
				GCC_OPTIMIZATION_LEVEL = 0;
				GCC_PREPROCESSOR_DEFINITIONS = (
					"DEBUG=1",
					"$(inherited)",
				);
				GCC_WARN_64_TO_32_BIT_CONVERSION = YES;
				GCC_WARN_ABOUT_RETURN_TYPE = YES_ERROR;
				GCC_WARN_UNDECLARED_SELECTOR = YES;
				GCC_WARN_UNINITIALIZED_AUTOS = YES_AGGRESSIVE;
				GCC_WARN_UNUSED_FUNCTION = YES;
				GCC_WARN_UNUSED_VARIABLE = YES;
				IPHONEOS_DEPLOYMENT_TARGET = 17.5;
				LOCALIZATION_PREFERS_STRING_CATALOGS = YES;
				MTL_ENABLE_DEBUG_INFO = INCLUDE_SOURCE;
				MTL_FAST_MATH = YES;
				ONLY_ACTIVE_ARCH = YES;
				SDKROOT = iphoneos;
				SWIFT_ACTIVE_COMPILATION_CONDITIONS = "DEBUG $(inherited)";
				SWIFT_OPTIMIZATION_LEVEL = "-Onone";
			};
			name = Debug;
		};
		2702EBE52C7EF5890003E165 /* Release */ = {
			isa = XCBuildConfiguration;
			buildSettings = {
				ALWAYS_SEARCH_USER_PATHS = NO;
				ASSETCATALOG_COMPILER_GENERATE_SWIFT_ASSET_SYMBOL_EXTENSIONS = YES;
				CLANG_ANALYZER_NONNULL = YES;
				CLANG_ANALYZER_NUMBER_OBJECT_CONVERSION = YES_AGGRESSIVE;
				CLANG_CXX_LANGUAGE_STANDARD = "gnu++20";
				CLANG_ENABLE_MODULES = YES;
				CLANG_ENABLE_OBJC_ARC = YES;
				CLANG_ENABLE_OBJC_WEAK = YES;
				CLANG_WARN_BLOCK_CAPTURE_AUTORELEASING = YES;
				CLANG_WARN_BOOL_CONVERSION = YES;
				CLANG_WARN_COMMA = YES;
				CLANG_WARN_CONSTANT_CONVERSION = YES;
				CLANG_WARN_DEPRECATED_OBJC_IMPLEMENTATIONS = YES;
				CLANG_WARN_DIRECT_OBJC_ISA_USAGE = YES_ERROR;
				CLANG_WARN_DOCUMENTATION_COMMENTS = YES;
				CLANG_WARN_EMPTY_BODY = YES;
				CLANG_WARN_ENUM_CONVERSION = YES;
				CLANG_WARN_INFINITE_RECURSION = YES;
				CLANG_WARN_INT_CONVERSION = YES;
				CLANG_WARN_NON_LITERAL_NULL_CONVERSION = YES;
				CLANG_WARN_OBJC_IMPLICIT_RETAIN_SELF = YES;
				CLANG_WARN_OBJC_LITERAL_CONVERSION = YES;
				CLANG_WARN_OBJC_ROOT_CLASS = YES_ERROR;
				CLANG_WARN_QUOTED_INCLUDE_IN_FRAMEWORK_HEADER = YES;
				CLANG_WARN_RANGE_LOOP_ANALYSIS = YES;
				CLANG_WARN_STRICT_PROTOTYPES = YES;
				CLANG_WARN_SUSPICIOUS_MOVE = YES;
				CLANG_WARN_UNGUARDED_AVAILABILITY = YES_AGGRESSIVE;
				CLANG_WARN_UNREACHABLE_CODE = YES;
				CLANG_WARN__DUPLICATE_METHOD_MATCH = YES;
				COPY_PHASE_STRIP = NO;
				DEBUG_INFORMATION_FORMAT = "dwarf-with-dsym";
				ENABLE_NS_ASSERTIONS = NO;
				ENABLE_STRICT_OBJC_MSGSEND = YES;
				ENABLE_USER_SCRIPT_SANDBOXING = YES;
				GCC_C_LANGUAGE_STANDARD = gnu17;
				GCC_NO_COMMON_BLOCKS = YES;
				GCC_WARN_64_TO_32_BIT_CONVERSION = YES;
				GCC_WARN_ABOUT_RETURN_TYPE = YES_ERROR;
				GCC_WARN_UNDECLARED_SELECTOR = YES;
				GCC_WARN_UNINITIALIZED_AUTOS = YES_AGGRESSIVE;
				GCC_WARN_UNUSED_FUNCTION = YES;
				GCC_WARN_UNUSED_VARIABLE = YES;
				IPHONEOS_DEPLOYMENT_TARGET = 17.5;
				LOCALIZATION_PREFERS_STRING_CATALOGS = YES;
				MTL_ENABLE_DEBUG_INFO = NO;
				MTL_FAST_MATH = YES;
				SDKROOT = iphoneos;
				SWIFT_COMPILATION_MODE = wholemodule;
				VALIDATE_PRODUCT = YES;
			};
			name = Release;
		};
		2702EBE72C7EF5890003E165 /* Debug */ = {
			isa = XCBuildConfiguration;
			buildSettings = {
				ASSETCATALOG_COMPILER_APPICON_NAME = AppIcon4;
				ASSETCATALOG_COMPILER_GLOBAL_ACCENT_COLOR_NAME = AccentColor;
				ASSETCATALOG_COMPILER_INCLUDE_ALL_APPICON_ASSETS = NO;
				CODE_SIGN_STYLE = Automatic;
				CURRENT_PROJECT_VERSION = 1;
				DEVELOPMENT_ASSET_PATHS = "\"Scanner1/Preview Content\"";
				DEVELOPMENT_TEAM = LBGM24R4NZ;
				ENABLE_PREVIEWS = YES;
				GENERATE_INFOPLIST_FILE = YES;
				INFOPLIST_FILE = Scanner1/Info.plist;
				INFOPLIST_KEY_LSSupportsOpeningDocumentsInPlace = YES;
				INFOPLIST_KEY_NSCameraUsageDescription = "Scanner1 requires permission to scan files";
				INFOPLIST_KEY_NSLocalNetworkUsageDescription = "This app access the loacal network";
				INFOPLIST_KEY_NSPhotoLibraryAddUsageDescription = "This app access the Photo Library";
				INFOPLIST_KEY_UIApplicationSceneManifest_Generation = YES;
				INFOPLIST_KEY_UIApplicationSupportsIndirectInputEvents = YES;
				INFOPLIST_KEY_UILaunchScreen_Generation = YES;
				INFOPLIST_KEY_UISupportedInterfaceOrientations_iPad = "UIInterfaceOrientationPortrait UIInterfaceOrientationPortraitUpsideDown UIInterfaceOrientationLandscapeLeft UIInterfaceOrientationLandscapeRight";
				INFOPLIST_KEY_UISupportedInterfaceOrientations_iPhone = "UIInterfaceOrientationPortrait UIInterfaceOrientationLandscapeLeft UIInterfaceOrientationLandscapeRight";
				IPHONEOS_DEPLOYMENT_TARGET = 15.6;
				LD_RUNPATH_SEARCH_PATHS = (
					"$(inherited)",
					"@executable_path/Frameworks",
				);
				MARKETING_VERSION = 1.1;
				PRODUCT_BUNDLE_IDENTIFIER = com.emreaasci.Scanner1;
				PRODUCT_NAME = "$(TARGET_NAME)";
				SWIFT_EMIT_LOC_STRINGS = YES;
				SWIFT_VERSION = 5.0;
				TARGETED_DEVICE_FAMILY = "1,2";
			};
			name = Debug;
		};
		2702EBE82C7EF5890003E165 /* Release */ = {
			isa = XCBuildConfiguration;
			buildSettings = {
				ASSETCATALOG_COMPILER_APPICON_NAME = AppIcon4;
				ASSETCATALOG_COMPILER_GLOBAL_ACCENT_COLOR_NAME = AccentColor;
				ASSETCATALOG_COMPILER_INCLUDE_ALL_APPICON_ASSETS = NO;
				CODE_SIGN_STYLE = Automatic;
				CURRENT_PROJECT_VERSION = 1;
				DEVELOPMENT_ASSET_PATHS = "\"Scanner1/Preview Content\"";
				DEVELOPMENT_TEAM = LBGM24R4NZ;
				ENABLE_PREVIEWS = YES;
				GENERATE_INFOPLIST_FILE = YES;
				INFOPLIST_FILE = Scanner1/Info.plist;
				INFOPLIST_KEY_LSSupportsOpeningDocumentsInPlace = YES;
				INFOPLIST_KEY_NSCameraUsageDescription = "Scanner1 requires permission to scan files";
				INFOPLIST_KEY_NSLocalNetworkUsageDescription = "This app access the loacal network";
				INFOPLIST_KEY_NSPhotoLibraryAddUsageDescription = "This app access the Photo Library";
				INFOPLIST_KEY_UIApplicationSceneManifest_Generation = YES;
				INFOPLIST_KEY_UIApplicationSupportsIndirectInputEvents = YES;
				INFOPLIST_KEY_UILaunchScreen_Generation = YES;
				INFOPLIST_KEY_UISupportedInterfaceOrientations_iPad = "UIInterfaceOrientationPortrait UIInterfaceOrientationPortraitUpsideDown UIInterfaceOrientationLandscapeLeft UIInterfaceOrientationLandscapeRight";
				INFOPLIST_KEY_UISupportedInterfaceOrientations_iPhone = "UIInterfaceOrientationPortrait UIInterfaceOrientationLandscapeLeft UIInterfaceOrientationLandscapeRight";
				IPHONEOS_DEPLOYMENT_TARGET = 15.6;
				LD_RUNPATH_SEARCH_PATHS = (
					"$(inherited)",
					"@executable_path/Frameworks",
				);
				MARKETING_VERSION = 1.1;
				PRODUCT_BUNDLE_IDENTIFIER = com.emreaasci.Scanner1;
				PRODUCT_NAME = "$(TARGET_NAME)";
				SWIFT_EMIT_LOC_STRINGS = YES;
				SWIFT_VERSION = 5.0;
				TARGETED_DEVICE_FAMILY = "1,2";
			};
			name = Release;
		};
		2702EBEA2C7EF5890003E165 /* Debug */ = {
			isa = XCBuildConfiguration;
			buildSettings = {
				ALWAYS_EMBED_SWIFT_STANDARD_LIBRARIES = YES;
				BUNDLE_LOADER = "$(TEST_HOST)";
				CODE_SIGN_STYLE = Automatic;
				CURRENT_PROJECT_VERSION = 1;
				DEVELOPMENT_TEAM = LBGM24R4NZ;
				GENERATE_INFOPLIST_FILE = YES;
				IPHONEOS_DEPLOYMENT_TARGET = 17.5;
				MARKETING_VERSION = 1.0;
				PRODUCT_BUNDLE_IDENTIFIER = com.emreaasci.Scanner1Tests;
				PRODUCT_NAME = "$(TARGET_NAME)";
				SWIFT_EMIT_LOC_STRINGS = NO;
				SWIFT_VERSION = 5.0;
				TARGETED_DEVICE_FAMILY = "1,2";
				TEST_HOST = "$(BUILT_PRODUCTS_DIR)/Scanner1.app/$(BUNDLE_EXECUTABLE_FOLDER_PATH)/Scanner1";
			};
			name = Debug;
		};
		2702EBEB2C7EF5890003E165 /* Release */ = {
			isa = XCBuildConfiguration;
			buildSettings = {
				ALWAYS_EMBED_SWIFT_STANDARD_LIBRARIES = YES;
				BUNDLE_LOADER = "$(TEST_HOST)";
				CODE_SIGN_STYLE = Automatic;
				CURRENT_PROJECT_VERSION = 1;
				DEVELOPMENT_TEAM = LBGM24R4NZ;
				GENERATE_INFOPLIST_FILE = YES;
				IPHONEOS_DEPLOYMENT_TARGET = 17.5;
				MARKETING_VERSION = 1.0;
				PRODUCT_BUNDLE_IDENTIFIER = com.emreaasci.Scanner1Tests;
				PRODUCT_NAME = "$(TARGET_NAME)";
				SWIFT_EMIT_LOC_STRINGS = NO;
				SWIFT_VERSION = 5.0;
				TARGETED_DEVICE_FAMILY = "1,2";
				TEST_HOST = "$(BUILT_PRODUCTS_DIR)/Scanner1.app/$(BUNDLE_EXECUTABLE_FOLDER_PATH)/Scanner1";
			};
			name = Release;
		};
		2702EBED2C7EF5890003E165 /* Debug */ = {
			isa = XCBuildConfiguration;
			buildSettings = {
				ALWAYS_EMBED_SWIFT_STANDARD_LIBRARIES = YES;
				CODE_SIGN_STYLE = Automatic;
				CURRENT_PROJECT_VERSION = 1;
				DEVELOPMENT_TEAM = LBGM24R4NZ;
				GENERATE_INFOPLIST_FILE = YES;
				MARKETING_VERSION = 1.0;
				PRODUCT_BUNDLE_IDENTIFIER = com.emreaasci.Scanner1UITests;
				PRODUCT_NAME = "$(TARGET_NAME)";
				SWIFT_EMIT_LOC_STRINGS = NO;
				SWIFT_VERSION = 5.0;
				TARGETED_DEVICE_FAMILY = "1,2";
				TEST_TARGET_NAME = Scanner1;
			};
			name = Debug;
		};
		2702EBEE2C7EF5890003E165 /* Release */ = {
			isa = XCBuildConfiguration;
			buildSettings = {
				ALWAYS_EMBED_SWIFT_STANDARD_LIBRARIES = YES;
				CODE_SIGN_STYLE = Automatic;
				CURRENT_PROJECT_VERSION = 1;
				DEVELOPMENT_TEAM = LBGM24R4NZ;
				GENERATE_INFOPLIST_FILE = YES;
				MARKETING_VERSION = 1.0;
				PRODUCT_BUNDLE_IDENTIFIER = com.emreaasci.Scanner1UITests;
				PRODUCT_NAME = "$(TARGET_NAME)";
				SWIFT_EMIT_LOC_STRINGS = NO;
				SWIFT_VERSION = 5.0;
				TARGETED_DEVICE_FAMILY = "1,2";
				TEST_TARGET_NAME = Scanner1;
			};
			name = Release;
		};
/* End XCBuildConfiguration section */

/* Begin XCConfigurationList section */
		2702EBBD2C7EF5870003E165 /* Build configuration list for PBXProject "Scanner1" */ = {
			isa = XCConfigurationList;
			buildConfigurations = (
				2702EBE42C7EF5890003E165 /* Debug */,
				2702EBE52C7EF5890003E165 /* Release */,
			);
			defaultConfigurationIsVisible = 0;
			defaultConfigurationName = Release;
		};
		2702EBE62C7EF5890003E165 /* Build configuration list for PBXNativeTarget "Scanner1" */ = {
			isa = XCConfigurationList;
			buildConfigurations = (
				2702EBE72C7EF5890003E165 /* Debug */,
				2702EBE82C7EF5890003E165 /* Release */,
			);
			defaultConfigurationIsVisible = 0;
			defaultConfigurationName = Release;
		};
		2702EBE92C7EF5890003E165 /* Build configuration list for PBXNativeTarget "Scanner1Tests" */ = {
			isa = XCConfigurationList;
			buildConfigurations = (
				2702EBEA2C7EF5890003E165 /* Debug */,
				2702EBEB2C7EF5890003E165 /* Release */,
			);
			defaultConfigurationIsVisible = 0;
			defaultConfigurationName = Release;
		};
		2702EBEC2C7EF5890003E165 /* Build configuration list for PBXNativeTarget "Scanner1UITests" */ = {
			isa = XCConfigurationList;
			buildConfigurations = (
				2702EBED2C7EF5890003E165 /* Debug */,
				2702EBEE2C7EF5890003E165 /* Release */,
			);
			defaultConfigurationIsVisible = 0;
			defaultConfigurationName = Release;
		};
/* End XCConfigurationList section */
	};
	rootObject = 2702EBBA2C7EF5870003E165 /* Project object */;
}
